
Microsoft Visual Studio Solution File, Format Version 12.00
# Visual Studio Version 17
VisualStudioVersion = 17.1.32421.90
MinimumVisualStudioVersion = 10.0.40219.1
Project("{FAE04EC0-301F-11D3-BF4B-00C04F79EFBC}") = "TabControlAdv_Sample", "TabControlAdv_Sample.csproj", "{52F17ADB-E1CB-45A1-B380-E1EF6B301230}"
EndProject
Global
	GlobalSection(SolutionConfigurationPlatforms) = preSolution
		Debug|Any CPU = Debug|Any CPU
		Release|Any CPU = Release|Any CPU
	EndGlobalSection
	GlobalSection(ProjectConfigurationPlatforms) = postSolution
		{52F17ADB-E1CB-45A1-B380-E1EF6B301230}.Debug|Any CPU.ActiveCfg = Debug|Any CPU
		{52F17ADB-E1CB-45A1-B380-E1EF6B301230}.Debug|Any CPU.Build.0 = Debug|Any CPU
		{52F17ADB-E1CB-45A1-B380-E1EF6B301230}.Release|Any CPU.ActiveCfg = Release|Any CPU
		{52F17ADB-E1CB-45A1-B380-E1EF6B301230}.Release|Any CPU.Build.0 = Release|Any CPU
	EndGlobalSection
	GlobalSection(SolutionProperties) = preSolution
		HideSolutionNode = FALSE
	EndGlobalSection
	GlobalSection(ExtensibilityGlobals) = postSolution
		SolutionGuid = {E0758A35-5567-4A8C-8D01-548392F2158B}
	EndGlobalSection
EndGlobal
